{
  "name": "full-sms-monorepo",
  "version": "1.0.0",
  "lockfileVersion": 3,
  "requires": true,
  "packages": {
    "": {
      "name": "full-sms-monorepo",
      "version": "1.0.0",
      "dependencies": {
        "react-dropzone": "^20.1.2",
        "react-icons": "^5.7.0"
      },
      "devDependencies": {
        "husky": "^9.1.7"
      }
    },
    "node_modules/attr-accept": {
      "version": "4.0.0",
      "resolved": "https://registry.npmjs.org/attr-accept/-/attr-accept-4.0.0.tgz",
      "integrity": "sha512-hmCnJClmeKNKlsBHgbM8yLZRiQZ4/20UXbLJb6OUT16eWcM5/xNZerr80a/zCYob768KIGq++aLrQNTuwPsIOQ==",
      "license": "MIT",
      "engines": {
        "node": ">= 22"
      }
    },
    "node_modules/file-selector": {
      "version": "5.0.1",
      "resolved": "https://registry.npmjs.org/file-selector/-/file-selector-5.0.1.tgz",
      "integrity": "sha512-v0g/PTeuQgvKCBrVRsfVudvwXlRHSWHEQkVgKawgCGHkEpKA1clp3Om5jvEVhz8G9W/mOYjJH9FhkH4C888PgQ==",
      "license": "MIT",
      "engines": {
        "node": ">= 22"
      }
    },
    "node_modules/husky": {
      "version": "9.1.7",
      "resolved": "https://registry.npmjs.org/husky/-/husky-9.1.7.tgz",
      "integrity": "sha512-5gs5ytaNjBrh5Ow3zrvdUUY+0VxIuWVL4i9irt6friV+BqdCfmV11CQTWMiBYWHbXhco+J1kHfTOUkePhCDvMA==",
      "dev": true,
      "license": "MIT",
      "bin": {
        "husky": "bin.js"
      },
      "engines": {
        "node": ">=18"
      },
      "funding": {
        "url": "https://github.com/sponsors/typicode"
      }
    },
    "node_modules/react": {
      "version": "19.2.8",
      "resolved": "https://registry.npmjs.org/react/-/react-19.2.8.tgz",
      "integrity": "sha512-PWaYA1L/q9u2u7xYQi+Y3L3Yfnie7XyLeaJICV1MGD6LprsBxcAqGjYyr0eY3p+QdsA+x/Irkt4Qif8D63+Sbw==",
      "license": "MIT",
      "peer": true,
      "engines": {
        "node": ">=0.10.0"
      }
    },
    "node_modules/react-dropzone": {
      "version": "20.1.2",
      "resolved": "https://registry.npmjs.org/react-dropzone/-/react-dropzone-20.1.2.tgz",
      "integrity": "sha512-gj2m31ZmYOZjTuW6CDfx38/WW2JlbuQ/X2Il8cOwIWa7Znp7vQSPJFtRfDbAjusBuoXzAYktI+r2R6iKMaRTPw==",
      "license": "MIT",
      "dependencies": {
        "attr-accept": "^4.0.0",
        "file-selector": "^5.0.0"
      },
      "engines": {
        "node": ">= 22"
      },
      "peerDependencies": {
        "@types/react": "*",
        "react": ">= 18"
      },
      "peerDependenciesMeta": {
        "@types/react": {
          "optional": true
        }
      }
    },
    "node_modules/react-icons": {
      "version": "5.7.0",
      "resolved": "https://registry.npmjs.org/react-icons/-/react-icons-5.7.0.tgz",
      "integrity": "sha512-LBLy340Rzqy6+/yVhZKT3B/QpP1BZaesGqasf09HPOBzRarcDIFH0WwXlXQfE7q7ipxK4MSiC5DIBWURCny6fw==",
      "license": "MIT",
      "peerDependencies": {
        "react": "*"
      }
    }
  }
}
